
Microsoft Visual Studio Solution File, Format Version 12.00
# Visual Studio Version 17
VisualStudioVersion = 17.3.32929.385
MinimumVisualStudioVersion = 10.0.40219.1
Project("{FAE04EC0-301F-11D3-BF4B-00C04F79EFBC}") = "Exercicio_5", "Exercicio_5\Exercicio_5.csproj", "{CCA59467-2B63-4DE7-946F-BD05775FCDD4}"
EndProject
Global
	GlobalSection(SolutionConfigurationPlatforms) = preSolution
		Debug|Any CPU = Debug|Any CPU
		Release|Any CPU = Release|Any CPU
	EndGlobalSection
	GlobalSection(ProjectConfigurationPlatforms) = postSolution
		{CCA59467-2B63-4DE7-946F-BD05775FCDD4}.Debug|Any CPU.ActiveCfg = Debug|Any CPU
		{CCA59467-2B63-4DE7-946F-BD05775FCDD4}.Debug|Any CPU.Build.0 = Debug|Any CPU
		{CCA59467-2B63-4DE7-946F-BD05775FCDD4}.Release|Any CPU.ActiveCfg = Release|Any CPU
		{CCA59467-2B63-4DE7-946F-BD05775FCDD4}.Release|Any CPU.Build.0 = Release|Any CPU
	EndGlobalSection
	GlobalSection(SolutionProperties) = preSolution
		HideSolutionNode = FALSE
	EndGlobalSection
	GlobalSection(ExtensibilityGlobals) = postSolution
		SolutionGuid = {58E5C3CA-449E-49E0-8D72-EBFC094B815E}
	EndGlobalSection
EndGlobal
