
Microsoft Visual Studio Solution File, Format Version 12.00
# Visual Studio Version 17
VisualStudioVersion = 17.3.32929.385
MinimumVisualStudioVersion = 10.0.40219.1
Project("{FAE04EC0-301F-11D3-BF4B-00C04F79EFBC}") = "Exercicio_1", "Exercicio_1\Exercicio_1.csproj", "{044C0735-D7B9-424A-87AF-8D44E556AB8C}"
EndProject
Global
	GlobalSection(SolutionConfigurationPlatforms) = preSolution
		Debug|Any CPU = Debug|Any CPU
		Release|Any CPU = Release|Any CPU
	EndGlobalSection
	GlobalSection(ProjectConfigurationPlatforms) = postSolution
		{044C0735-D7B9-424A-87AF-8D44E556AB8C}.Debug|Any CPU.ActiveCfg = Debug|Any CPU
		{044C0735-D7B9-424A-87AF-8D44E556AB8C}.Debug|Any CPU.Build.0 = Debug|Any CPU
		{044C0735-D7B9-424A-87AF-8D44E556AB8C}.Release|Any CPU.ActiveCfg = Release|Any CPU
		{044C0735-D7B9-424A-87AF-8D44E556AB8C}.Release|Any CPU.Build.0 = Release|Any CPU
	EndGlobalSection
	GlobalSection(SolutionProperties) = preSolution
		HideSolutionNode = FALSE
	EndGlobalSection
	GlobalSection(ExtensibilityGlobals) = postSolution
		SolutionGuid = {35A3E812-6161-4CCB-8CFB-B6C216E62743}
	EndGlobalSection
EndGlobal
